
Microsoft Visual Studio Solution File, Format Version 12.00
# Visual Studio Version 16
VisualStudioVersion = 16.0.33927.289
MinimumVisualStudioVersion = 10.0.40219.1
Project("{FAE04EC0-301F-11D3-BF4B-00C04F79EFBC}") = "Aplicacion", "Aplicacion\Aplicacion.csproj", "{E772BBA9-ED4D-401E-93D7-B5DE82516A21}"
EndProject
Project("{54435603-DBB4-11D2-8724-00A0C9A8B90C}") = "Instalador oxxo", "Instalador oxxo\Instalador oxxo.vdproj", "{70803754-52E1-45E9-A291-1F4CF7339AFC}"
EndProject
Global
	GlobalSection(SolutionConfigurationPlatforms) = preSolution
		Debug|Any CPU = Debug|Any CPU
		Release|Any CPU = Release|Any CPU
	EndGlobalSection
	GlobalSection(ProjectConfigurationPlatforms) = postSolution
		{E772BBA9-ED4D-401E-93D7-B5DE82516A21}.Debug|Any CPU.ActiveCfg = Debug|Any CPU
		{E772BBA9-ED4D-401E-93D7-B5DE82516A21}.Debug|Any CPU.Build.0 = Debug|Any CPU
		{E772BBA9-ED4D-401E-93D7-B5DE82516A21}.Release|Any CPU.ActiveCfg = Release|Any CPU
		{E772BBA9-ED4D-401E-93D7-B5DE82516A21}.Release|Any CPU.Build.0 = Release|Any CPU
		{70803754-52E1-45E9-A291-1F4CF7339AFC}.Debug|Any CPU.ActiveCfg = Debug
		{70803754-52E1-45E9-A291-1F4CF7339AFC}.Release|Any CPU.ActiveCfg = Release
	EndGlobalSection
	GlobalSection(SolutionProperties) = preSolution
		HideSolutionNode = FALSE
	EndGlobalSection
	GlobalSection(ExtensibilityGlobals) = postSolution
		SolutionGuid = {B1FD47ED-D98D-4B83-9F77-9521DF4473D0}
	EndGlobalSection
EndGlobal
